
Microsoft Visual Studio Solution File, Format Version 12.00
# Visual Studio Version 16
VisualStudioVersion = 16.0.29020.237
MinimumVisualStudioVersion = 10.0.40219.1
Project("{9A19103F-16F7-4668-BE54-9A1E7A4F7556}") = "SeemsAdmin.Domain", "src\SeemsAdmin.Domain\SeemsAdmin.Domain.csproj", "{554AD327-6DBA-4F8F-96F8-81CE7A0C863F}"
EndProject
Project("{9A19103F-16F7-4668-BE54-9A1E7A4F7556}") = "Volo.Abp.TenantManagement.TestBase", "modules\Volo.TenantManagement\test\Volo.Abp.TenantManagement.TestBase\Volo.Abp.TenantManagement.TestBase.csproj", "{43c79a45-fffd-4292-845f-2b2482fb56b9}"
EndProject
Project("{9A19103F-16F7-4668-BE54-9A1E7A4F7556}") = "Volo.Abp.TenantManagement.EntityFrameworkCore.Tests", "modules\Volo.TenantManagement\test\Volo.Abp.TenantManagement.EntityFrameworkCore.Tests\Volo.Abp.TenantManagement.EntityFrameworkCore.Tests.csproj", "{e37f4461-4868-4e59-b5c3-8d2df21c6f00}"
EndProject
Project("{9A19103F-16F7-4668-BE54-9A1E7A4F7556}") = "Volo.Abp.TenantManagement.Domain.Tests", "modules\Volo.TenantManagement\test\Volo.Abp.TenantManagement.Domain.Tests\Volo.Abp.TenantManagement.Domain.Tests.csproj", "{d643ad7b-b9e7-43e6-9631-14b1693b5210}"
EndProject
Project("{9A19103F-16F7-4668-BE54-9A1E7A4F7556}") = "Volo.Abp.TenantManagement.Application.Tests", "modules\Volo.TenantManagement\test\Volo.Abp.TenantManagement.Application.Tests\Volo.Abp.TenantManagement.Application.Tests.csproj", "{7fdbe92e-7c45-4bd0-85b3-2814f6580ca4}"
EndProject
Project("{9A19103F-16F7-4668-BE54-9A1E7A4F7556}") = "Volo.Abp.TenantManagement.Installer", "modules\Volo.TenantManagement\src\Volo.Abp.TenantManagement.Installer\Volo.Abp.TenantManagement.Installer.csproj", "{f78330dd-4b4e-4396-9c61-bf8e4de95876}"
EndProject
Project("{9A19103F-16F7-4668-BE54-9A1E7A4F7556}") = "Volo.Abp.TenantManagement.HttpApi.Client", "modules\Volo.TenantManagement\src\Volo.Abp.TenantManagement.HttpApi.Client\Volo.Abp.TenantManagement.HttpApi.Client.csproj", "{a063006a-dc46-4de1-bcdb-8581dcea7ee4}"
EndProject
Project("{9A19103F-16F7-4668-BE54-9A1E7A4F7556}") = "Volo.Abp.TenantManagement.HttpApi", "modules\Volo.TenantManagement\src\Volo.Abp.TenantManagement.HttpApi\Volo.Abp.TenantManagement.HttpApi.csproj", "{7c91ca7a-0aa8-4e90-8b8e-f011d06a2f91}"
EndProject
Project("{9A19103F-16F7-4668-BE54-9A1E7A4F7556}") = "Volo.Abp.TenantManagement.EntityFrameworkCore", "modules\Volo.TenantManagement\src\Volo.Abp.TenantManagement.EntityFrameworkCore\Volo.Abp.TenantManagement.EntityFrameworkCore.csproj", "{3061f21c-0a00-4fa0-b91c-f57ad99076c1}"
EndProject
Project("{9A19103F-16F7-4668-BE54-9A1E7A4F7556}") = "Volo.Abp.TenantManagement.Domain.Shared", "modules\Volo.TenantManagement\src\Volo.Abp.TenantManagement.Domain.Shared\Volo.Abp.TenantManagement.Domain.Shared.csproj", "{b89b0e08-9463-469c-8e0a-1d8dbd4e8d0a}"
EndProject
Project("{9A19103F-16F7-4668-BE54-9A1E7A4F7556}") = "Volo.Abp.TenantManagement.Domain", "modules\Volo.TenantManagement\src\Volo.Abp.TenantManagement.Domain\Volo.Abp.TenantManagement.Domain.csproj", "{cfacaa06-eed9-47f7-81ab-4ded2d090eed}"
EndProject
Project("{9A19103F-16F7-4668-BE54-9A1E7A4F7556}") = "Volo.Abp.TenantManagement.Application.Contracts", "modules\Volo.TenantManagement\src\Volo.Abp.TenantManagement.Application.Contracts\Volo.Abp.TenantManagement.Application.Contracts.csproj", "{cd4a132a-ee0a-49ab-8365-d7f68d33ccfe}"
EndProject
Project("{9A19103F-16F7-4668-BE54-9A1E7A4F7556}") = "Volo.Abp.TenantManagement.Application", "modules\Volo.TenantManagement\src\Volo.Abp.TenantManagement.Application\Volo.Abp.TenantManagement.Application.csproj", "{412e64db-b714-4c14-8fdb-fa79b551c79f}"
EndProject
Project("{2150E333-8FDC-42A3-9474-1A3956D46DE8}") = "Volo.TenantManagement.Tests", "Volo.TenantManagement.Tests", "{fcc1c61b-3ec9-4dcb-962a-4cb2108af529}"
EndProject
Project("{2150E333-8FDC-42A3-9474-1A3956D46DE8}") = "Volo.TenantManagement", "Volo.TenantManagement", "{a76a1815-b8db-43ea-932a-f6b3c32010dd}"
EndProject
Project("{9A19103F-16F7-4668-BE54-9A1E7A4F7556}") = "Volo.Abp.PermissionManagement.TestBase", "modules\Volo.PermissionManagement\test\Volo.Abp.PermissionManagement.TestBase\Volo.Abp.PermissionManagement.TestBase.csproj", "{e62e2261-7db4-43a2-888b-69f27e3fab6e}"
EndProject
Project("{9A19103F-16F7-4668-BE54-9A1E7A4F7556}") = "Volo.Abp.PermissionManagement.EntityFrameworkCore.Tests", "modules\Volo.PermissionManagement\test\Volo.Abp.PermissionManagement.EntityFrameworkCore.Tests\Volo.Abp.PermissionManagement.EntityFrameworkCore.Tests.csproj", "{e55d65fc-455e-4dbe-a5d0-f59a1e790841}"
EndProject
Project("{9A19103F-16F7-4668-BE54-9A1E7A4F7556}") = "Volo.Abp.PermissionManagement.Domain.Tests", "modules\Volo.PermissionManagement\test\Volo.Abp.PermissionManagement.Domain.Tests\Volo.Abp.PermissionManagement.Domain.Tests.csproj", "{16444583-e1f7-41eb-bb97-8d5ea90a8888}"
EndProject
Project("{9A19103F-16F7-4668-BE54-9A1E7A4F7556}") = "Volo.Abp.PermissionManagement.Application.Tests", "modules\Volo.PermissionManagement\test\Volo.Abp.PermissionManagement.Application.Tests\Volo.Abp.PermissionManagement.Application.Tests.csproj", "{eb863bac-9f77-44dd-b899-64b18e6702a7}"
EndProject
Project("{9A19103F-16F7-4668-BE54-9A1E7A4F7556}") = "Volo.Abp.PermissionManagement.Installer", "modules\Volo.PermissionManagement\src\Volo.Abp.PermissionManagement.Installer\Volo.Abp.PermissionManagement.Installer.csproj", "{80eaaf1f-60f5-4549-9261-71c2820c549e}"
EndProject
Project("{9A19103F-16F7-4668-BE54-9A1E7A4F7556}") = "Volo.Abp.PermissionManagement.HttpApi.Client", "modules\Volo.PermissionManagement\src\Volo.Abp.PermissionManagement.HttpApi.Client\Volo.Abp.PermissionManagement.HttpApi.Client.csproj", "{dedac44c-bf55-4a71-b273-fba3d875a580}"
EndProject
Project("{9A19103F-16F7-4668-BE54-9A1E7A4F7556}") = "Volo.Abp.PermissionManagement.HttpApi", "modules\Volo.PermissionManagement\src\Volo.Abp.PermissionManagement.HttpApi\Volo.Abp.PermissionManagement.HttpApi.csproj", "{25db70df-51a2-48e2-b2b2-78f8f3d67c24}"
EndProject
Project("{9A19103F-16F7-4668-BE54-9A1E7A4F7556}") = "Volo.Abp.PermissionManagement.EntityFrameworkCore", "modules\Volo.PermissionManagement\src\Volo.Abp.PermissionManagement.EntityFrameworkCore\Volo.Abp.PermissionManagement.EntityFrameworkCore.csproj", "{a0ae7843-117a-4e06-876e-3ef7ebdf2cd6}"
EndProject
Project("{9A19103F-16F7-4668-BE54-9A1E7A4F7556}") = "Volo.Abp.PermissionManagement.Domain.Shared", "modules\Volo.PermissionManagement\src\Volo.Abp.PermissionManagement.Domain.Shared\Volo.Abp.PermissionManagement.Domain.Shared.csproj", "{962c7fee-16e7-4e76-b1a0-1fbe4120327c}"
EndProject
Project("{9A19103F-16F7-4668-BE54-9A1E7A4F7556}") = "Volo.Abp.PermissionManagement.Domain", "modules\Volo.PermissionManagement\src\Volo.Abp.PermissionManagement.Domain\Volo.Abp.PermissionManagement.Domain.csproj", "{39225898-e11c-4854-9434-3e00e017d305}"
EndProject
Project("{9A19103F-16F7-4668-BE54-9A1E7A4F7556}") = "Volo.Abp.PermissionManagement.Application.Contracts", "modules\Volo.PermissionManagement\src\Volo.Abp.PermissionManagement.Application.Contracts\Volo.Abp.PermissionManagement.Application.Contracts.csproj", "{a4bc67f7-4457-48cd-a27f-33a43172eeb0}"
EndProject
Project("{9A19103F-16F7-4668-BE54-9A1E7A4F7556}") = "Volo.Abp.PermissionManagement.Application", "modules\Volo.PermissionManagement\src\Volo.Abp.PermissionManagement.Application\Volo.Abp.PermissionManagement.Application.csproj", "{b1f722ca-4b5a-4095-ac37-c6b69118f701}"
EndProject
Project("{2150E333-8FDC-42A3-9474-1A3956D46DE8}") = "Volo.PermissionManagement.Tests", "Volo.PermissionManagement.Tests", "{5f0f9e23-8b77-45cc-8758-65a8c7c26ede}"
EndProject
Project("{2150E333-8FDC-42A3-9474-1A3956D46DE8}") = "Volo.PermissionManagement", "Volo.PermissionManagement", "{fe8214f9-277e-495c-a692-2c45ee8959ef}"
EndProject
Project("{9A19103F-16F7-4668-BE54-9A1E7A4F7556}") = "Volo.Abp.IdentityServer.TestBase", "modules\Volo.IdentityServer\test\Volo.Abp.IdentityServer.TestBase\Volo.Abp.IdentityServer.TestBase.csproj", "{572c2db3-a5f5-45d7-8ccf-72dec5ad8c4d}"
EndProject
Project("{9A19103F-16F7-4668-BE54-9A1E7A4F7556}") = "Volo.Abp.IdentityServer.MongoDB.Tests", "modules\Volo.IdentityServer\test\Volo.Abp.IdentityServer.MongoDB.Tests\Volo.Abp.IdentityServer.MongoDB.Tests.csproj", "{a27082a1-4276-4ba6-8f57-c94daa1030bd}"
EndProject
Project("{9A19103F-16F7-4668-BE54-9A1E7A4F7556}") = "Volo.Abp.IdentityServer.EntityFrameworkCore.Tests", "modules\Volo.IdentityServer\test\Volo.Abp.IdentityServer.EntityFrameworkCore.Tests\Volo.Abp.IdentityServer.EntityFrameworkCore.Tests.csproj", "{47570cff-526d-4f7e-b25d-6c46f4909ba9}"
EndProject
Project("{9A19103F-16F7-4668-BE54-9A1E7A4F7556}") = "Volo.Abp.IdentityServer.Domain.Tests", "modules\Volo.IdentityServer\test\Volo.Abp.IdentityServer.Domain.Tests\Volo.Abp.IdentityServer.Domain.Tests.csproj", "{e87fed37-63cc-43f9-91fe-5e03dded4c93}"
EndProject
Project("{9A19103F-16F7-4668-BE54-9A1E7A4F7556}") = "Volo.Abp.PermissionManagement.Domain.IdentityServer", "modules\Volo.IdentityServer\src\Volo.Abp.PermissionManagement.Domain.IdentityServer\Volo.Abp.PermissionManagement.Domain.IdentityServer.csproj", "{355bbd18-ad8a-4826-8f93-7ad238c69320}"
EndProject
Project("{9A19103F-16F7-4668-BE54-9A1E7A4F7556}") = "Volo.Abp.IdentityServer.MongoDB", "modules\Volo.IdentityServer\src\Volo.Abp.IdentityServer.MongoDB\Volo.Abp.IdentityServer.MongoDB.csproj", "{2116e606-ad4b-4a74-9d35-9e9aa77d7beb}"
EndProject
Project("{9A19103F-16F7-4668-BE54-9A1E7A4F7556}") = "Volo.Abp.IdentityServer.Installer", "modules\Volo.IdentityServer\src\Volo.Abp.IdentityServer.Installer\Volo.Abp.IdentityServer.Installer.csproj", "{8a007159-7bf2-4353-9fbc-e4be238efeee}"
EndProject
Project("{9A19103F-16F7-4668-BE54-9A1E7A4F7556}") = "Volo.Abp.IdentityServer.EntityFrameworkCore", "modules\Volo.IdentityServer\src\Volo.Abp.IdentityServer.EntityFrameworkCore\Volo.Abp.IdentityServer.EntityFrameworkCore.csproj", "{b9ddd839-25bf-4b97-8dcc-c33195f71e03}"
EndProject
Project("{9A19103F-16F7-4668-BE54-9A1E7A4F7556}") = "Volo.Abp.IdentityServer.Domain.Shared", "modules\Volo.IdentityServer\src\Volo.Abp.IdentityServer.Domain.Shared\Volo.Abp.IdentityServer.Domain.Shared.csproj", "{465430fe-319b-450f-91b9-7156dc032554}"
EndProject
Project("{9A19103F-16F7-4668-BE54-9A1E7A4F7556}") = "Volo.Abp.IdentityServer.Domain", "modules\Volo.IdentityServer\src\Volo.Abp.IdentityServer.Domain\Volo.Abp.IdentityServer.Domain.csproj", "{0b0dec2f-8cc0-429d-806d-13bf5817efe6}"
EndProject
Project("{2150E333-8FDC-42A3-9474-1A3956D46DE8}") = "Volo.IdentityServer.Tests", "Volo.IdentityServer.Tests", "{fe54bd3d-0d2c-4776-98e8-8e8a4243bf45}"
EndProject
Project("{2150E333-8FDC-42A3-9474-1A3956D46DE8}") = "Volo.IdentityServer", "Volo.IdentityServer", "{6cc66d69-2024-4b18-ab66-c97f4853e2c1}"
EndProject
Project("{9A19103F-16F7-4668-BE54-9A1E7A4F7556}") = "Volo.Abp.Account.Application.Tests", "modules\Volo.Account\test\Volo.Abp.Account.Application.Tests\Volo.Abp.Account.Application.Tests.csproj", "{13086c34-39be-4f57-97f3-fe0cbf4dad5d}"
EndProject
Project("{9A19103F-16F7-4668-BE54-9A1E7A4F7556}") = "Volo.Abp.Account.Web.OpenIddict", "modules\Volo.Account\src\Volo.Abp.Account.Web.OpenIddict\Volo.Abp.Account.Web.OpenIddict.csproj", "{b2ac54c0-aa16-4db6-b144-e390330b701e}"
EndProject
Project("{9A19103F-16F7-4668-BE54-9A1E7A4F7556}") = "Volo.Abp.Account.Web.IdentityServer", "modules\Volo.Account\src\Volo.Abp.Account.Web.IdentityServer\Volo.Abp.Account.Web.IdentityServer.csproj", "{fdee449f-a04b-4e38-a409-7984dcb35550}"
EndProject
Project("{9A19103F-16F7-4668-BE54-9A1E7A4F7556}") = "Volo.Abp.Account.Web", "modules\Volo.Account\src\Volo.Abp.Account.Web\Volo.Abp.Account.Web.csproj", "{9d78f8aa-ab08-403e-bb87-d1244de4674c}"
EndProject
Project("{9A19103F-16F7-4668-BE54-9A1E7A4F7556}") = "Volo.Abp.Account.Installer", "modules\Volo.Account\src\Volo.Abp.Account.Installer\Volo.Abp.Account.Installer.csproj", "{e689a9a1-8c4c-4be7-b1bf-bbd301364a38}"
EndProject
Project("{9A19103F-16F7-4668-BE54-9A1E7A4F7556}") = "Volo.Abp.Account.HttpApi.Client", "modules\Volo.Account\src\Volo.Abp.Account.HttpApi.Client\Volo.Abp.Account.HttpApi.Client.csproj", "{9c7534b9-8eb4-4d3c-b31c-62bc69770e82}"
EndProject
Project("{9A19103F-16F7-4668-BE54-9A1E7A4F7556}") = "Volo.Abp.Account.HttpApi", "modules\Volo.Account\src\Volo.Abp.Account.HttpApi\Volo.Abp.Account.HttpApi.csproj", "{20d5b70d-cd78-4b43-a48f-13f15ea7e0b9}"
EndProject
Project("{9A19103F-16F7-4668-BE54-9A1E7A4F7556}") = "Volo.Abp.Account.Blazor", "modules\Volo.Account\src\Volo.Abp.Account.Blazor\Volo.Abp.Account.Blazor.csproj", "{f7c93254-4dba-47c9-9d54-5b8093eca29d}"
EndProject
Project("{9A19103F-16F7-4668-BE54-9A1E7A4F7556}") = "Volo.Abp.Account.Application.Contracts", "modules\Volo.Account\src\Volo.Abp.Account.Application.Contracts\Volo.Abp.Account.Application.Contracts.csproj", "{d0113052-772b-421a-900a-34541f8e048b}"
EndProject
Project("{9A19103F-16F7-4668-BE54-9A1E7A4F7556}") = "Volo.Abp.Account.Application", "modules\Volo.Account\src\Volo.Abp.Account.Application\Volo.Abp.Account.Application.csproj", "{904b2502-54fd-47f6-9735-ab2f16cfead5}"
EndProject
Project("{2150E333-8FDC-42A3-9474-1A3956D46DE8}") = "Volo.Account.Tests", "Volo.Account.Tests", "{27404ad2-020b-44b4-b15d-83836ae17f5f}"
EndProject
Project("{2150E333-8FDC-42A3-9474-1A3956D46DE8}") = "Volo.Account", "Volo.Account", "{465f470e-350b-4a6c-86cc-047e9e3b7b6f}"
EndProject
Project("{9A19103F-16F7-4668-BE54-9A1E7A4F7556}") = "Volo.Abp.Identity.TestBase", "modules\Volo.Identity\test\Volo.Abp.Identity.TestBase\Volo.Abp.Identity.TestBase.csproj", "{b5529869-3604-4e5f-8e6a-06452590cc3b}"
EndProject
Project("{9A19103F-16F7-4668-BE54-9A1E7A4F7556}") = "Volo.Abp.Identity.EntityFrameworkCore.Tests", "modules\Volo.Identity\test\Volo.Abp.Identity.EntityFrameworkCore.Tests\Volo.Abp.Identity.EntityFrameworkCore.Tests.csproj", "{ec3c17fe-02ba-403b-a342-cbae5c4d61f1}"
EndProject
Project("{9A19103F-16F7-4668-BE54-9A1E7A4F7556}") = "Volo.Abp.Identity.Domain.Tests", "modules\Volo.Identity\test\Volo.Abp.Identity.Domain.Tests\Volo.Abp.Identity.Domain.Tests.csproj", "{35d1e788-a7e3-4493-9aac-0a1799ced74b}"
EndProject
Project("{9A19103F-16F7-4668-BE54-9A1E7A4F7556}") = "Volo.Abp.Identity.AspNetCore.Tests", "modules\Volo.Identity\test\Volo.Abp.Identity.AspNetCore.Tests\Volo.Abp.Identity.AspNetCore.Tests.csproj", "{14b34480-90bc-428e-a841-e7c90fc38761}"
EndProject
Project("{9A19103F-16F7-4668-BE54-9A1E7A4F7556}") = "Volo.Abp.Identity.Application.Tests", "modules\Volo.Identity\test\Volo.Abp.Identity.Application.Tests\Volo.Abp.Identity.Application.Tests.csproj", "{743a0b07-a078-4ebe-bbbf-771cbc58d19b}"
EndProject
Project("{9A19103F-16F7-4668-BE54-9A1E7A4F7556}") = "Volo.Abp.PermissionManagement.Domain.Identity", "modules\Volo.Identity\src\Volo.Abp.PermissionManagement.Domain.Identity\Volo.Abp.PermissionManagement.Domain.Identity.csproj", "{c8f85dde-c746-4a77-98d6-15003644d5db}"
EndProject
Project("{9A19103F-16F7-4668-BE54-9A1E7A4F7556}") = "Volo.Abp.Identity.MongoDB", "modules\Volo.Identity\src\Volo.Abp.Identity.MongoDB\Volo.Abp.Identity.MongoDB.csproj", "{5cddce0c-f108-4ea3-b1ec-bb6bcdc348b5}"
EndProject
Project("{9A19103F-16F7-4668-BE54-9A1E7A4F7556}") = "Volo.Abp.Identity.Installer", "modules\Volo.Identity\src\Volo.Abp.Identity.Installer\Volo.Abp.Identity.Installer.csproj", "{a14cc4d5-b6d3-43f0-b217-cf30c49df67e}"
EndProject
Project("{9A19103F-16F7-4668-BE54-9A1E7A4F7556}") = "Volo.Abp.Identity.HttpApi.Client", "modules\Volo.Identity\src\Volo.Abp.Identity.HttpApi.Client\Volo.Abp.Identity.HttpApi.Client.csproj", "{a83256b6-5e04-43e3-8fb8-efae39ad1853}"
EndProject
Project("{9A19103F-16F7-4668-BE54-9A1E7A4F7556}") = "Volo.Abp.Identity.HttpApi", "modules\Volo.Identity\src\Volo.Abp.Identity.HttpApi\Volo.Abp.Identity.HttpApi.csproj", "{e05dfb46-a512-44f4-a055-4107db869932}"
EndProject
Project("{9A19103F-16F7-4668-BE54-9A1E7A4F7556}") = "Volo.Abp.Identity.EntityFrameworkCore", "modules\Volo.Identity\src\Volo.Abp.Identity.EntityFrameworkCore\Volo.Abp.Identity.EntityFrameworkCore.csproj", "{61da7c45-1f0a-457c-8b0f-992d81edd8b5}"
EndProject
Project("{9A19103F-16F7-4668-BE54-9A1E7A4F7556}") = "Volo.Abp.Identity.Domain.Shared", "modules\Volo.Identity\src\Volo.Abp.Identity.Domain.Shared\Volo.Abp.Identity.Domain.Shared.csproj", "{6431d79b-0575-4060-a809-5d1cf12ce2db}"
EndProject
Project("{9A19103F-16F7-4668-BE54-9A1E7A4F7556}") = "Volo.Abp.Identity.Domain", "modules\Volo.Identity\src\Volo.Abp.Identity.Domain\Volo.Abp.Identity.Domain.csproj", "{2713caa7-6fed-4547-bda3-d57744035e8f}"
EndProject
Project("{9A19103F-16F7-4668-BE54-9A1E7A4F7556}") = "Volo.Abp.Identity.AspNetCore", "modules\Volo.Identity\src\Volo.Abp.Identity.AspNetCore\Volo.Abp.Identity.AspNetCore.csproj", "{6762984f-ab21-4745-9cf3-ae1277d32045}"
EndProject
Project("{9A19103F-16F7-4668-BE54-9A1E7A4F7556}") = "Volo.Abp.Identity.Application.Contracts", "modules\Volo.Identity\src\Volo.Abp.Identity.Application.Contracts\Volo.Abp.Identity.Application.Contracts.csproj", "{a5c70a59-c68f-41d1-bf3f-52c3d9cde675}"
EndProject
Project("{9A19103F-16F7-4668-BE54-9A1E7A4F7556}") = "Volo.Abp.Identity.Application", "modules\Volo.Identity\src\Volo.Abp.Identity.Application\Volo.Abp.Identity.Application.csproj", "{76d1c19e-214e-466e-9af1-e69b9d56d4a5}"
EndProject
Project("{2150E333-8FDC-42A3-9474-1A3956D46DE8}") = "Volo.Identity.Tests", "Volo.Identity.Tests", "{2b52c1ac-348b-4a5c-821b-6154fde56458}"
EndProject
Project("{2150E333-8FDC-42A3-9474-1A3956D46DE8}") = "Volo.Identity", "Volo.Identity", "{a9f7d2ce-bb7e-42f9-a1d9-7806671c03ce}"
EndProject
Project("{9A19103F-16F7-4668-BE54-9A1E7A4F7556}") = "Volo.Abp.OpenIddict.TestBase", "modules\Volo.OpenIddict\test\Volo.Abp.OpenIddict.TestBase\Volo.Abp.OpenIddict.TestBase.csproj", "{e545188e-3647-4ab5-90a4-28c2827783a3}"
EndProject
Project("{9A19103F-16F7-4668-BE54-9A1E7A4F7556}") = "Volo.Abp.OpenIddict.EntityFrameworkCore.Tests", "modules\Volo.OpenIddict\test\Volo.Abp.OpenIddict.EntityFrameworkCore.Tests\Volo.Abp.OpenIddict.EntityFrameworkCore.Tests.csproj", "{c22aa142-3224-4ad1-8487-fde799e9bae3}"
EndProject
Project("{9A19103F-16F7-4668-BE54-9A1E7A4F7556}") = "Volo.Abp.OpenIddict.Domain.Tests", "modules\Volo.OpenIddict\test\Volo.Abp.OpenIddict.Domain.Tests\Volo.Abp.OpenIddict.Domain.Tests.csproj", "{94ea23e2-bb7e-4993-ad9f-7fb746947b84}"
EndProject
Project("{9A19103F-16F7-4668-BE54-9A1E7A4F7556}") = "Volo.Abp.PermissionManagement.Domain.OpenIddict", "modules\Volo.OpenIddict\src\Volo.Abp.PermissionManagement.Domain.OpenIddict\Volo.Abp.PermissionManagement.Domain.OpenIddict.csproj", "{30344903-3dab-43f9-8ade-ecd7d6e47fa4}"
EndProject
Project("{9A19103F-16F7-4668-BE54-9A1E7A4F7556}") = "Volo.Abp.OpenIddict.Installer", "modules\Volo.OpenIddict\src\Volo.Abp.OpenIddict.Installer\Volo.Abp.OpenIddict.Installer.csproj", "{a9b4716e-aea3-42cd-b20e-57d65c0a0232}"
EndProject
Project("{9A19103F-16F7-4668-BE54-9A1E7A4F7556}") = "Volo.Abp.OpenIddict.EntityFrameworkCore", "modules\Volo.OpenIddict\src\Volo.Abp.OpenIddict.EntityFrameworkCore\Volo.Abp.OpenIddict.EntityFrameworkCore.csproj", "{d8c5506b-f07a-4de0-aa18-dc0d63ed62b4}"
EndProject
Project("{9A19103F-16F7-4668-BE54-9A1E7A4F7556}") = "Volo.Abp.OpenIddict.Domain.Shared", "modules\Volo.OpenIddict\src\Volo.Abp.OpenIddict.Domain.Shared\Volo.Abp.OpenIddict.Domain.Shared.csproj", "{7e5551b0-55eb-4c03-a6fe-ede97d3f0bcc}"
EndProject
Project("{9A19103F-16F7-4668-BE54-9A1E7A4F7556}") = "Volo.Abp.OpenIddict.Domain", "modules\Volo.OpenIddict\src\Volo.Abp.OpenIddict.Domain\Volo.Abp.OpenIddict.Domain.csproj", "{8663f64c-3aed-46b4-a164-66e0637d9e36}"
EndProject
Project("{9A19103F-16F7-4668-BE54-9A1E7A4F7556}") = "Volo.Abp.OpenIddict.AspNetCore", "modules\Volo.OpenIddict\src\Volo.Abp.OpenIddict.AspNetCore\Volo.Abp.OpenIddict.AspNetCore.csproj", "{7c0e3a8b-0a15-470d-ac7d-8d081c064983}"
EndProject
Project("{2150E333-8FDC-42A3-9474-1A3956D46DE8}") = "Volo.OpenIddict.Tests", "Volo.OpenIddict.Tests", "{fad8ecb6-f446-4e78-9a44-2cbe4c693f57}"
EndProject
Project("{2150E333-8FDC-42A3-9474-1A3956D46DE8}") = "Volo.OpenIddict", "Volo.OpenIddict", "{ecaf4ff1-5506-4c81-ab35-b7777dbcb0b2}"
EndProject
Project("{2150E333-8FDC-42A3-9474-1A3956D46DE8}") = "modules", "modules", "{5223af50-2dc1-4042-a7bf-6780239cc9cd}"
EndProject
Project("{9A19103F-16F7-4668-BE54-9A1E7A4F7556}") = "SeemsAdmin.Application", "src\SeemsAdmin.Application\SeemsAdmin.Application.csproj", "{1A94A50E-06DC-43C1-80B5-B662820EC3EB}"
EndProject
Project("{9A19103F-16F7-4668-BE54-9A1E7A4F7556}") = "SeemsAdmin.EntityFrameworkCore", "src\SeemsAdmin.EntityFrameworkCore\SeemsAdmin.EntityFrameworkCore.csproj", "{C956DD76-69C8-4A9C-83EA-D17DF83340FD}"
EndProject
Project("{2150E333-8FDC-42A3-9474-1A3956D46DE8}") = "src", "src", "{CA9AC87F-097E-4F15-8393-4BC07735A5B0}"
EndProject
Project("{2150E333-8FDC-42A3-9474-1A3956D46DE8}") = "test", "test", "{04DBDB01-70F4-4E06-B468-8F87850B22BE}"
EndProject
Project("{9A19103F-16F7-4668-BE54-9A1E7A4F7556}") = "SeemsAdmin.Application.Tests", "test\SeemsAdmin.Application.Tests\SeemsAdmin.Application.Tests.csproj", "{50B2631D-129C-47B3-A587-029CCD6099BC}"
EndProject
Project("{9A19103F-16F7-4668-BE54-9A1E7A4F7556}") = "SeemsAdmin.Domain.Shared", "src\SeemsAdmin.Domain.Shared\SeemsAdmin.Domain.Shared.csproj", "{42F719ED-8413-4895-B5B4-5AB56079BC66}"
EndProject
Project("{9A19103F-16F7-4668-BE54-9A1E7A4F7556}") = "SeemsAdmin.Application.Contracts", "src\SeemsAdmin.Application.Contracts\SeemsAdmin.Application.Contracts.csproj", "{520659C8-C734-4298-A3DA-B539DB9DFC0B}"
EndProject
Project("{9A19103F-16F7-4668-BE54-9A1E7A4F7556}") = "SeemsAdmin.HttpApi", "src\SeemsAdmin.HttpApi\SeemsAdmin.HttpApi.csproj", "{4164BDF7-F527-4E85-9CE6-E3C2D7426A27}"
EndProject
Project("{9A19103F-16F7-4668-BE54-9A1E7A4F7556}") = "SeemsAdmin.HttpApi.Client", "src\SeemsAdmin.HttpApi.Client\SeemsAdmin.HttpApi.Client.csproj", "{3B5A0094-670D-4BB1-BFDD-61B88A8773DC}"
EndProject
Project("{9A19103F-16F7-4668-BE54-9A1E7A4F7556}") = "SeemsAdmin.AuthServer", "src\SeemsAdmin.AuthServer\SeemsAdmin.AuthServer.csproj", "{073C361E-B8F4-49F5-93CC-72A3FF49C026}"
EndProject
Project("{9A19103F-16F7-4668-BE54-9A1E7A4F7556}") = "SeemsAdmin.HttpApi.Host", "src\SeemsAdmin.HttpApi.Host\SeemsAdmin.HttpApi.Host.csproj", "{E6D5BF0E-DE92-4D82-A352-EF04B37CB11C}"
EndProject
Project("{9A19103F-16F7-4668-BE54-9A1E7A4F7556}") = "SeemsAdmin.EntityFrameworkCore.Tests", "test\SeemsAdmin.EntityFrameworkCore.Tests\SeemsAdmin.EntityFrameworkCore.Tests.csproj", "{1FE30EB9-74A9-47F5-A9F6-7B1FAB672D81}"
EndProject
Project("{9A19103F-16F7-4668-BE54-9A1E7A4F7556}") = "SeemsAdmin.TestBase", "test\SeemsAdmin.TestBase\SeemsAdmin.TestBase.csproj", "{91853F21-9CD9-4132-BC29-A7D5D84FFFE7}"
EndProject
Project("{9A19103F-16F7-4668-BE54-9A1E7A4F7556}") = "SeemsAdmin.Domain.Tests", "test\SeemsAdmin.Domain.Tests\SeemsAdmin.Domain.Tests.csproj", "{E512F4D9-9375-480F-A2F6-A46509F9D824}"
EndProject
Project("{9A19103F-16F7-4668-BE54-9A1E7A4F7556}") = "SeemsAdmin.HttpApi.Client.ConsoleTestApp", "test\SeemsAdmin.HttpApi.Client.ConsoleTestApp\SeemsAdmin.HttpApi.Client.ConsoleTestApp.csproj", "{EF480016-9127-4916-8735-D2466BDBC582}"
EndProject
Project("{9A19103F-16F7-4668-BE54-9A1E7A4F7556}") = "SeemsAdmin.DbMigrator", "src\SeemsAdmin.DbMigrator\SeemsAdmin.DbMigrator.csproj", "{AA94D832-1CCC-4715-95A9-A483F23A1A5D}"
EndProject
Global
	GlobalSection(SolutionConfigurationPlatforms) = preSolution
		Debug|Any CPU = Debug|Any CPU
		Release|Any CPU = Release|Any CPU
	EndGlobalSection
	GlobalSection(ProjectConfigurationPlatforms) = postSolution
		{43c79a45-fffd-4292-845f-2b2482fb56b9}.Debug|Any CPU.ActiveCfg = Debug|Any CPU
		{43c79a45-fffd-4292-845f-2b2482fb56b9}.Debug|Any CPU.Build.0 = Debug|Any CPU
		{43c79a45-fffd-4292-845f-2b2482fb56b9}.Release|Any CPU.ActiveCfg = Release|Any CPU
		{43c79a45-fffd-4292-845f-2b2482fb56b9}.Release|Any CPU.Build.0 = Release|Any CPU
		{e37f4461-4868-4e59-b5c3-8d2df21c6f00}.Debug|Any CPU.ActiveCfg = Debug|Any CPU
		{e37f4461-4868-4e59-b5c3-8d2df21c6f00}.Debug|Any CPU.Build.0 = Debug|Any CPU
		{e37f4461-4868-4e59-b5c3-8d2df21c6f00}.Release|Any CPU.ActiveCfg = Release|Any CPU
		{e37f4461-4868-4e59-b5c3-8d2df21c6f00}.Release|Any CPU.Build.0 = Release|Any CPU
		{d643ad7b-b9e7-43e6-9631-14b1693b5210}.Debug|Any CPU.ActiveCfg = Debug|Any CPU
		{d643ad7b-b9e7-43e6-9631-14b1693b5210}.Debug|Any CPU.Build.0 = Debug|Any CPU
		{d643ad7b-b9e7-43e6-9631-14b1693b5210}.Release|Any CPU.ActiveCfg = Release|Any CPU
		{d643ad7b-b9e7-43e6-9631-14b1693b5210}.Release|Any CPU.Build.0 = Release|Any CPU
		{7fdbe92e-7c45-4bd0-85b3-2814f6580ca4}.Debug|Any CPU.ActiveCfg = Debug|Any CPU
		{7fdbe92e-7c45-4bd0-85b3-2814f6580ca4}.Debug|Any CPU.Build.0 = Debug|Any CPU
		{7fdbe92e-7c45-4bd0-85b3-2814f6580ca4}.Release|Any CPU.ActiveCfg = Release|Any CPU
		{7fdbe92e-7c45-4bd0-85b3-2814f6580ca4}.Release|Any CPU.Build.0 = Release|Any CPU
		{f78330dd-4b4e-4396-9c61-bf8e4de95876}.Debug|Any CPU.ActiveCfg = Debug|Any CPU
		{f78330dd-4b4e-4396-9c61-bf8e4de95876}.Debug|Any CPU.Build.0 = Debug|Any CPU
		{f78330dd-4b4e-4396-9c61-bf8e4de95876}.Release|Any CPU.ActiveCfg = Release|Any CPU
		{f78330dd-4b4e-4396-9c61-bf8e4de95876}.Release|Any CPU.Build.0 = Release|Any CPU
		{a063006a-dc46-4de1-bcdb-8581dcea7ee4}.Debug|Any CPU.ActiveCfg = Debug|Any CPU
		{a063006a-dc46-4de1-bcdb-8581dcea7ee4}.Debug|Any CPU.Build.0 = Debug|Any CPU
		{a063006a-dc46-4de1-bcdb-8581dcea7ee4}.Release|Any CPU.ActiveCfg = Release|Any CPU
		{a063006a-dc46-4de1-bcdb-8581dcea7ee4}.Release|Any CPU.Build.0 = Release|Any CPU
		{7c91ca7a-0aa8-4e90-8b8e-f011d06a2f91}.Debug|Any CPU.ActiveCfg = Debug|Any CPU
		{7c91ca7a-0aa8-4e90-8b8e-f011d06a2f91}.Debug|Any CPU.Build.0 = Debug|Any CPU
		{7c91ca7a-0aa8-4e90-8b8e-f011d06a2f91}.Release|Any CPU.ActiveCfg = Release|Any CPU
		{7c91ca7a-0aa8-4e90-8b8e-f011d06a2f91}.Release|Any CPU.Build.0 = Release|Any CPU
		{3061f21c-0a00-4fa0-b91c-f57ad99076c1}.Debug|Any CPU.ActiveCfg = Debug|Any CPU
		{3061f21c-0a00-4fa0-b91c-f57ad99076c1}.Debug|Any CPU.Build.0 = Debug|Any CPU
		{3061f21c-0a00-4fa0-b91c-f57ad99076c1}.Release|Any CPU.ActiveCfg = Release|Any CPU
		{3061f21c-0a00-4fa0-b91c-f57ad99076c1}.Release|Any CPU.Build.0 = Release|Any CPU
		{b89b0e08-9463-469c-8e0a-1d8dbd4e8d0a}.Debug|Any CPU.ActiveCfg = Debug|Any CPU
		{b89b0e08-9463-469c-8e0a-1d8dbd4e8d0a}.Debug|Any CPU.Build.0 = Debug|Any CPU
		{b89b0e08-9463-469c-8e0a-1d8dbd4e8d0a}.Release|Any CPU.ActiveCfg = Release|Any CPU
		{b89b0e08-9463-469c-8e0a-1d8dbd4e8d0a}.Release|Any CPU.Build.0 = Release|Any CPU
		{cfacaa06-eed9-47f7-81ab-4ded2d090eed}.Debug|Any CPU.ActiveCfg = Debug|Any CPU
		{cfacaa06-eed9-47f7-81ab-4ded2d090eed}.Debug|Any CPU.Build.0 = Debug|Any CPU
		{cfacaa06-eed9-47f7-81ab-4ded2d090eed}.Release|Any CPU.ActiveCfg = Release|Any CPU
		{cfacaa06-eed9-47f7-81ab-4ded2d090eed}.Release|Any CPU.Build.0 = Release|Any CPU
		{cd4a132a-ee0a-49ab-8365-d7f68d33ccfe}.Debug|Any CPU.ActiveCfg = Debug|Any CPU
		{cd4a132a-ee0a-49ab-8365-d7f68d33ccfe}.Debug|Any CPU.Build.0 = Debug|Any CPU
		{cd4a132a-ee0a-49ab-8365-d7f68d33ccfe}.Release|Any CPU.ActiveCfg = Release|Any CPU
		{cd4a132a-ee0a-49ab-8365-d7f68d33ccfe}.Release|Any CPU.Build.0 = Release|Any CPU
		{412e64db-b714-4c14-8fdb-fa79b551c79f}.Debug|Any CPU.ActiveCfg = Debug|Any CPU
		{412e64db-b714-4c14-8fdb-fa79b551c79f}.Debug|Any CPU.Build.0 = Debug|Any CPU
		{412e64db-b714-4c14-8fdb-fa79b551c79f}.Release|Any CPU.ActiveCfg = Release|Any CPU
		{412e64db-b714-4c14-8fdb-fa79b551c79f}.Release|Any CPU.Build.0 = Release|Any CPU
		{e62e2261-7db4-43a2-888b-69f27e3fab6e}.Debug|Any CPU.ActiveCfg = Debug|Any CPU
		{e62e2261-7db4-43a2-888b-69f27e3fab6e}.Debug|Any CPU.Build.0 = Debug|Any CPU
		{e62e2261-7db4-43a2-888b-69f27e3fab6e}.Release|Any CPU.ActiveCfg = Release|Any CPU
		{e62e2261-7db4-43a2-888b-69f27e3fab6e}.Release|Any CPU.Build.0 = Release|Any CPU
		{e55d65fc-455e-4dbe-a5d0-f59a1e790841}.Debug|Any CPU.ActiveCfg = Debug|Any CPU
		{e55d65fc-455e-4dbe-a5d0-f59a1e790841}.Debug|Any CPU.Build.0 = Debug|Any CPU
		{e55d65fc-455e-4dbe-a5d0-f59a1e790841}.Release|Any CPU.ActiveCfg = Release|Any CPU
		{e55d65fc-455e-4dbe-a5d0-f59a1e790841}.Release|Any CPU.Build.0 = Release|Any CPU
		{16444583-e1f7-41eb-bb97-8d5ea90a8888}.Debug|Any CPU.ActiveCfg = Debug|Any CPU
		{16444583-e1f7-41eb-bb97-8d5ea90a8888}.Debug|Any CPU.Build.0 = Debug|Any CPU
		{16444583-e1f7-41eb-bb97-8d5ea90a8888}.Release|Any CPU.ActiveCfg = Release|Any CPU
		{16444583-e1f7-41eb-bb97-8d5ea90a8888}.Release|Any CPU.Build.0 = Release|Any CPU
		{eb863bac-9f77-44dd-b899-64b18e6702a7}.Debug|Any CPU.ActiveCfg = Debug|Any CPU
		{eb863bac-9f77-44dd-b899-64b18e6702a7}.Debug|Any CPU.Build.0 = Debug|Any CPU
		{eb863bac-9f77-44dd-b899-64b18e6702a7}.Release|Any CPU.ActiveCfg = Release|Any CPU
		{eb863bac-9f77-44dd-b899-64b18e6702a7}.Release|Any CPU.Build.0 = Release|Any CPU
		{80eaaf1f-60f5-4549-9261-71c2820c549e}.Debug|Any CPU.ActiveCfg = Debug|Any CPU
		{80eaaf1f-60f5-4549-9261-71c2820c549e}.Debug|Any CPU.Build.0 = Debug|Any CPU
		{80eaaf1f-60f5-4549-9261-71c2820c549e}.Release|Any CPU.ActiveCfg = Release|Any CPU
		{80eaaf1f-60f5-4549-9261-71c2820c549e}.Release|Any CPU.Build.0 = Release|Any CPU
		{dedac44c-bf55-4a71-b273-fba3d875a580}.Debug|Any CPU.ActiveCfg = Debug|Any CPU
		{dedac44c-bf55-4a71-b273-fba3d875a580}.Debug|Any CPU.Build.0 = Debug|Any CPU
		{dedac44c-bf55-4a71-b273-fba3d875a580}.Release|Any CPU.ActiveCfg = Release|Any CPU
		{dedac44c-bf55-4a71-b273-fba3d875a580}.Release|Any CPU.Build.0 = Release|Any CPU
		{25db70df-51a2-48e2-b2b2-78f8f3d67c24}.Debug|Any CPU.ActiveCfg = Debug|Any CPU
		{25db70df-51a2-48e2-b2b2-78f8f3d67c24}.Debug|Any CPU.Build.0 = Debug|Any CPU
		{25db70df-51a2-48e2-b2b2-78f8f3d67c24}.Release|Any CPU.ActiveCfg = Release|Any CPU
		{25db70df-51a2-48e2-b2b2-78f8f3d67c24}.Release|Any CPU.Build.0 = Release|Any CPU
		{a0ae7843-117a-4e06-876e-3ef7ebdf2cd6}.Debug|Any CPU.ActiveCfg = Debug|Any CPU
		{a0ae7843-117a-4e06-876e-3ef7ebdf2cd6}.Debug|Any CPU.Build.0 = Debug|Any CPU
		{a0ae7843-117a-4e06-876e-3ef7ebdf2cd6}.Release|Any CPU.ActiveCfg = Release|Any CPU
		{a0ae7843-117a-4e06-876e-3ef7ebdf2cd6}.Release|Any CPU.Build.0 = Release|Any CPU
		{962c7fee-16e7-4e76-b1a0-1fbe4120327c}.Debug|Any CPU.ActiveCfg = Debug|Any CPU
		{962c7fee-16e7-4e76-b1a0-1fbe4120327c}.Debug|Any CPU.Build.0 = Debug|Any CPU
		{962c7fee-16e7-4e76-b1a0-1fbe4120327c}.Release|Any CPU.ActiveCfg = Release|Any CPU
		{962c7fee-16e7-4e76-b1a0-1fbe4120327c}.Release|Any CPU.Build.0 = Release|Any CPU
		{39225898-e11c-4854-9434-3e00e017d305}.Debug|Any CPU.ActiveCfg = Debug|Any CPU
		{39225898-e11c-4854-9434-3e00e017d305}.Debug|Any CPU.Build.0 = Debug|Any CPU
		{39225898-e11c-4854-9434-3e00e017d305}.Release|Any CPU.ActiveCfg = Release|Any CPU
		{39225898-e11c-4854-9434-3e00e017d305}.Release|Any CPU.Build.0 = Release|Any CPU
		{a4bc67f7-4457-48cd-a27f-33a43172eeb0}.Debug|Any CPU.ActiveCfg = Debug|Any CPU
		{a4bc67f7-4457-48cd-a27f-33a43172eeb0}.Debug|Any CPU.Build.0 = Debug|Any CPU
		{a4bc67f7-4457-48cd-a27f-33a43172eeb0}.Release|Any CPU.ActiveCfg = Release|Any CPU
		{a4bc67f7-4457-48cd-a27f-33a43172eeb0}.Release|Any CPU.Build.0 = Release|Any CPU
		{b1f722ca-4b5a-4095-ac37-c6b69118f701}.Debug|Any CPU.ActiveCfg = Debug|Any CPU
		{b1f722ca-4b5a-4095-ac37-c6b69118f701}.Debug|Any CPU.Build.0 = Debug|Any CPU
		{b1f722ca-4b5a-4095-ac37-c6b69118f701}.Release|Any CPU.ActiveCfg = Release|Any CPU
		{b1f722ca-4b5a-4095-ac37-c6b69118f701}.Release|Any CPU.Build.0 = Release|Any CPU
		{572c2db3-a5f5-45d7-8ccf-72dec5ad8c4d}.Debug|Any CPU.ActiveCfg = Debug|Any CPU
		{572c2db3-a5f5-45d7-8ccf-72dec5ad8c4d}.Debug|Any CPU.Build.0 = Debug|Any CPU
		{572c2db3-a5f5-45d7-8ccf-72dec5ad8c4d}.Release|Any CPU.ActiveCfg = Release|Any CPU
		{572c2db3-a5f5-45d7-8ccf-72dec5ad8c4d}.Release|Any CPU.Build.0 = Release|Any CPU
		{a27082a1-4276-4ba6-8f57-c94daa1030bd}.Debug|Any CPU.ActiveCfg = Debug|Any CPU
		{a27082a1-4276-4ba6-8f57-c94daa1030bd}.Debug|Any CPU.Build.0 = Debug|Any CPU
		{a27082a1-4276-4ba6-8f57-c94daa1030bd}.Release|Any CPU.ActiveCfg = Release|Any CPU
		{a27082a1-4276-4ba6-8f57-c94daa1030bd}.Release|Any CPU.Build.0 = Release|Any CPU
		{47570cff-526d-4f7e-b25d-6c46f4909ba9}.Debug|Any CPU.ActiveCfg = Debug|Any CPU
		{47570cff-526d-4f7e-b25d-6c46f4909ba9}.Debug|Any CPU.Build.0 = Debug|Any CPU
		{47570cff-526d-4f7e-b25d-6c46f4909ba9}.Release|Any CPU.ActiveCfg = Release|Any CPU
		{47570cff-526d-4f7e-b25d-6c46f4909ba9}.Release|Any CPU.Build.0 = Release|Any CPU
		{e87fed37-63cc-43f9-91fe-5e03dded4c93}.Debug|Any CPU.ActiveCfg = Debug|Any CPU
		{e87fed37-63cc-43f9-91fe-5e03dded4c93}.Debug|Any CPU.Build.0 = Debug|Any CPU
		{e87fed37-63cc-43f9-91fe-5e03dded4c93}.Release|Any CPU.ActiveCfg = Release|Any CPU
		{e87fed37-63cc-43f9-91fe-5e03dded4c93}.Release|Any CPU.Build.0 = Release|Any CPU
		{355bbd18-ad8a-4826-8f93-7ad238c69320}.Debug|Any CPU.ActiveCfg = Debug|Any CPU
		{355bbd18-ad8a-4826-8f93-7ad238c69320}.Debug|Any CPU.Build.0 = Debug|Any CPU
		{355bbd18-ad8a-4826-8f93-7ad238c69320}.Release|Any CPU.ActiveCfg = Release|Any CPU
		{355bbd18-ad8a-4826-8f93-7ad238c69320}.Release|Any CPU.Build.0 = Release|Any CPU
		{2116e606-ad4b-4a74-9d35-9e9aa77d7beb}.Debug|Any CPU.ActiveCfg = Debug|Any CPU
		{2116e606-ad4b-4a74-9d35-9e9aa77d7beb}.Debug|Any CPU.Build.0 = Debug|Any CPU
		{2116e606-ad4b-4a74-9d35-9e9aa77d7beb}.Release|Any CPU.ActiveCfg = Release|Any CPU
		{2116e606-ad4b-4a74-9d35-9e9aa77d7beb}.Release|Any CPU.Build.0 = Release|Any CPU
		{8a007159-7bf2-4353-9fbc-e4be238efeee}.Debug|Any CPU.ActiveCfg = Debug|Any CPU
		{8a007159-7bf2-4353-9fbc-e4be238efeee}.Debug|Any CPU.Build.0 = Debug|Any CPU
		{8a007159-7bf2-4353-9fbc-e4be238efeee}.Release|Any CPU.ActiveCfg = Release|Any CPU
		{8a007159-7bf2-4353-9fbc-e4be238efeee}.Release|Any CPU.Build.0 = Release|Any CPU
		{b9ddd839-25bf-4b97-8dcc-c33195f71e03}.Debug|Any CPU.ActiveCfg = Debug|Any CPU
		{b9ddd839-25bf-4b97-8dcc-c33195f71e03}.Debug|Any CPU.Build.0 = Debug|Any CPU
		{b9ddd839-25bf-4b97-8dcc-c33195f71e03}.Release|Any CPU.ActiveCfg = Release|Any CPU
		{b9ddd839-25bf-4b97-8dcc-c33195f71e03}.Release|Any CPU.Build.0 = Release|Any CPU
		{465430fe-319b-450f-91b9-7156dc032554}.Debug|Any CPU.ActiveCfg = Debug|Any CPU
		{465430fe-319b-450f-91b9-7156dc032554}.Debug|Any CPU.Build.0 = Debug|Any CPU
		{465430fe-319b-450f-91b9-7156dc032554}.Release|Any CPU.ActiveCfg = Release|Any CPU
		{465430fe-319b-450f-91b9-7156dc032554}.Release|Any CPU.Build.0 = Release|Any CPU
		{0b0dec2f-8cc0-429d-806d-13bf5817efe6}.Debug|Any CPU.ActiveCfg = Debug|Any CPU
		{0b0dec2f-8cc0-429d-806d-13bf5817efe6}.Debug|Any CPU.Build.0 = Debug|Any CPU
		{0b0dec2f-8cc0-429d-806d-13bf5817efe6}.Release|Any CPU.ActiveCfg = Release|Any CPU
		{0b0dec2f-8cc0-429d-806d-13bf5817efe6}.Release|Any CPU.Build.0 = Release|Any CPU
		{13086c34-39be-4f57-97f3-fe0cbf4dad5d}.Debug|Any CPU.ActiveCfg = Debug|Any CPU
		{13086c34-39be-4f57-97f3-fe0cbf4dad5d}.Debug|Any CPU.Build.0 = Debug|Any CPU
		{13086c34-39be-4f57-97f3-fe0cbf4dad5d}.Release|Any CPU.ActiveCfg = Release|Any CPU
		{13086c34-39be-4f57-97f3-fe0cbf4dad5d}.Release|Any CPU.Build.0 = Release|Any CPU
		{b2ac54c0-aa16-4db6-b144-e390330b701e}.Debug|Any CPU.ActiveCfg = Debug|Any CPU
		{b2ac54c0-aa16-4db6-b144-e390330b701e}.Debug|Any CPU.Build.0 = Debug|Any CPU
		{b2ac54c0-aa16-4db6-b144-e390330b701e}.Release|Any CPU.ActiveCfg = Release|Any CPU
		{b2ac54c0-aa16-4db6-b144-e390330b701e}.Release|Any CPU.Build.0 = Release|Any CPU
		{fdee449f-a04b-4e38-a409-7984dcb35550}.Debug|Any CPU.ActiveCfg = Debug|Any CPU
		{fdee449f-a04b-4e38-a409-7984dcb35550}.Debug|Any CPU.Build.0 = Debug|Any CPU
		{fdee449f-a04b-4e38-a409-7984dcb35550}.Release|Any CPU.ActiveCfg = Release|Any CPU
		{fdee449f-a04b-4e38-a409-7984dcb35550}.Release|Any CPU.Build.0 = Release|Any CPU
		{9d78f8aa-ab08-403e-bb87-d1244de4674c}.Debug|Any CPU.ActiveCfg = Debug|Any CPU
		{9d78f8aa-ab08-403e-bb87-d1244de4674c}.Debug|Any CPU.Build.0 = Debug|Any CPU
		{9d78f8aa-ab08-403e-bb87-d1244de4674c}.Release|Any CPU.ActiveCfg = Release|Any CPU
		{9d78f8aa-ab08-403e-bb87-d1244de4674c}.Release|Any CPU.Build.0 = Release|Any CPU
		{e689a9a1-8c4c-4be7-b1bf-bbd301364a38}.Debug|Any CPU.ActiveCfg = Debug|Any CPU
		{e689a9a1-8c4c-4be7-b1bf-bbd301364a38}.Debug|Any CPU.Build.0 = Debug|Any CPU
		{e689a9a1-8c4c-4be7-b1bf-bbd301364a38}.Release|Any CPU.ActiveCfg = Release|Any CPU
		{e689a9a1-8c4c-4be7-b1bf-bbd301364a38}.Release|Any CPU.Build.0 = Release|Any CPU
		{9c7534b9-8eb4-4d3c-b31c-62bc69770e82}.Debug|Any CPU.ActiveCfg = Debug|Any CPU
		{9c7534b9-8eb4-4d3c-b31c-62bc69770e82}.Debug|Any CPU.Build.0 = Debug|Any CPU
		{9c7534b9-8eb4-4d3c-b31c-62bc69770e82}.Release|Any CPU.ActiveCfg = Release|Any CPU
		{9c7534b9-8eb4-4d3c-b31c-62bc69770e82}.Release|Any CPU.Build.0 = Release|Any CPU
		{20d5b70d-cd78-4b43-a48f-13f15ea7e0b9}.Debug|Any CPU.ActiveCfg = Debug|Any CPU
		{20d5b70d-cd78-4b43-a48f-13f15ea7e0b9}.Debug|Any CPU.Build.0 = Debug|Any CPU
		{20d5b70d-cd78-4b43-a48f-13f15ea7e0b9}.Release|Any CPU.ActiveCfg = Release|Any CPU
		{20d5b70d-cd78-4b43-a48f-13f15ea7e0b9}.Release|Any CPU.Build.0 = Release|Any CPU
		{f7c93254-4dba-47c9-9d54-5b8093eca29d}.Debug|Any CPU.ActiveCfg = Debug|Any CPU
		{f7c93254-4dba-47c9-9d54-5b8093eca29d}.Debug|Any CPU.Build.0 = Debug|Any CPU
		{f7c93254-4dba-47c9-9d54-5b8093eca29d}.Release|Any CPU.ActiveCfg = Release|Any CPU
		{f7c93254-4dba-47c9-9d54-5b8093eca29d}.Release|Any CPU.Build.0 = Release|Any CPU
		{d0113052-772b-421a-900a-34541f8e048b}.Debug|Any CPU.ActiveCfg = Debug|Any CPU
		{d0113052-772b-421a-900a-34541f8e048b}.Debug|Any CPU.Build.0 = Debug|Any CPU
		{d0113052-772b-421a-900a-34541f8e048b}.Release|Any CPU.ActiveCfg = Release|Any CPU
		{d0113052-772b-421a-900a-34541f8e048b}.Release|Any CPU.Build.0 = Release|Any CPU
		{904b2502-54fd-47f6-9735-ab2f16cfead5}.Debug|Any CPU.ActiveCfg = Debug|Any CPU
		{904b2502-54fd-47f6-9735-ab2f16cfead5}.Debug|Any CPU.Build.0 = Debug|Any CPU
		{904b2502-54fd-47f6-9735-ab2f16cfead5}.Release|Any CPU.ActiveCfg = Release|Any CPU
		{904b2502-54fd-47f6-9735-ab2f16cfead5}.Release|Any CPU.Build.0 = Release|Any CPU
		{b5529869-3604-4e5f-8e6a-06452590cc3b}.Debug|Any CPU.ActiveCfg = Debug|Any CPU
		{b5529869-3604-4e5f-8e6a-06452590cc3b}.Debug|Any CPU.Build.0 = Debug|Any CPU
		{b5529869-3604-4e5f-8e6a-06452590cc3b}.Release|Any CPU.ActiveCfg = Release|Any CPU
		{b5529869-3604-4e5f-8e6a-06452590cc3b}.Release|Any CPU.Build.0 = Release|Any CPU
		{ec3c17fe-02ba-403b-a342-cbae5c4d61f1}.Debug|Any CPU.ActiveCfg = Debug|Any CPU
		{ec3c17fe-02ba-403b-a342-cbae5c4d61f1}.Debug|Any CPU.Build.0 = Debug|Any CPU
		{ec3c17fe-02ba-403b-a342-cbae5c4d61f1}.Release|Any CPU.ActiveCfg = Release|Any CPU
		{ec3c17fe-02ba-403b-a342-cbae5c4d61f1}.Release|Any CPU.Build.0 = Release|Any CPU
		{35d1e788-a7e3-4493-9aac-0a1799ced74b}.Debug|Any CPU.ActiveCfg = Debug|Any CPU
		{35d1e788-a7e3-4493-9aac-0a1799ced74b}.Debug|Any CPU.Build.0 = Debug|Any CPU
		{35d1e788-a7e3-4493-9aac-0a1799ced74b}.Release|Any CPU.ActiveCfg = Release|Any CPU
		{35d1e788-a7e3-4493-9aac-0a1799ced74b}.Release|Any CPU.Build.0 = Release|Any CPU
		{14b34480-90bc-428e-a841-e7c90fc38761}.Debug|Any CPU.ActiveCfg = Debug|Any CPU
		{14b34480-90bc-428e-a841-e7c90fc38761}.Debug|Any CPU.Build.0 = Debug|Any CPU
		{14b34480-90bc-428e-a841-e7c90fc38761}.Release|Any CPU.ActiveCfg = Release|Any CPU
		{14b34480-90bc-428e-a841-e7c90fc38761}.Release|Any CPU.Build.0 = Release|Any CPU
		{743a0b07-a078-4ebe-bbbf-771cbc58d19b}.Debug|Any CPU.ActiveCfg = Debug|Any CPU
		{743a0b07-a078-4ebe-bbbf-771cbc58d19b}.Debug|Any CPU.Build.0 = Debug|Any CPU
		{743a0b07-a078-4ebe-bbbf-771cbc58d19b}.Release|Any CPU.ActiveCfg = Release|Any CPU
		{743a0b07-a078-4ebe-bbbf-771cbc58d19b}.Release|Any CPU.Build.0 = Release|Any CPU
		{c8f85dde-c746-4a77-98d6-15003644d5db}.Debug|Any CPU.ActiveCfg = Debug|Any CPU
		{c8f85dde-c746-4a77-98d6-15003644d5db}.Debug|Any CPU.Build.0 = Debug|Any CPU
		{c8f85dde-c746-4a77-98d6-15003644d5db}.Release|Any CPU.ActiveCfg = Release|Any CPU
		{c8f85dde-c746-4a77-98d6-15003644d5db}.Release|Any CPU.Build.0 = Release|Any CPU
		{5cddce0c-f108-4ea3-b1ec-bb6bcdc348b5}.Debug|Any CPU.ActiveCfg = Debug|Any CPU
		{5cddce0c-f108-4ea3-b1ec-bb6bcdc348b5}.Debug|Any CPU.Build.0 = Debug|Any CPU
		{5cddce0c-f108-4ea3-b1ec-bb6bcdc348b5}.Release|Any CPU.ActiveCfg = Release|Any CPU
		{5cddce0c-f108-4ea3-b1ec-bb6bcdc348b5}.Release|Any CPU.Build.0 = Release|Any CPU
		{a14cc4d5-b6d3-43f0-b217-cf30c49df67e}.Debug|Any CPU.ActiveCfg = Debug|Any CPU
		{a14cc4d5-b6d3-43f0-b217-cf30c49df67e}.Debug|Any CPU.Build.0 = Debug|Any CPU
		{a14cc4d5-b6d3-43f0-b217-cf30c49df67e}.Release|Any CPU.ActiveCfg = Release|Any CPU
		{a14cc4d5-b6d3-43f0-b217-cf30c49df67e}.Release|Any CPU.Build.0 = Release|Any CPU
		{a83256b6-5e04-43e3-8fb8-efae39ad1853}.Debug|Any CPU.ActiveCfg = Debug|Any CPU
		{a83256b6-5e04-43e3-8fb8-efae39ad1853}.Debug|Any CPU.Build.0 = Debug|Any CPU
		{a83256b6-5e04-43e3-8fb8-efae39ad1853}.Release|Any CPU.ActiveCfg = Release|Any CPU
		{a83256b6-5e04-43e3-8fb8-efae39ad1853}.Release|Any CPU.Build.0 = Release|Any CPU
		{e05dfb46-a512-44f4-a055-4107db869932}.Debug|Any CPU.ActiveCfg = Debug|Any CPU
		{e05dfb46-a512-44f4-a055-4107db869932}.Debug|Any CPU.Build.0 = Debug|Any CPU
		{e05dfb46-a512-44f4-a055-4107db869932}.Release|Any CPU.ActiveCfg = Release|Any CPU
		{e05dfb46-a512-44f4-a055-4107db869932}.Release|Any CPU.Build.0 = Release|Any CPU
		{61da7c45-1f0a-457c-8b0f-992d81edd8b5}.Debug|Any CPU.ActiveCfg = Debug|Any CPU
		{61da7c45-1f0a-457c-8b0f-992d81edd8b5}.Debug|Any CPU.Build.0 = Debug|Any CPU
		{61da7c45-1f0a-457c-8b0f-992d81edd8b5}.Release|Any CPU.ActiveCfg = Release|Any CPU
		{61da7c45-1f0a-457c-8b0f-992d81edd8b5}.Release|Any CPU.Build.0 = Release|Any CPU
		{6431d79b-0575-4060-a809-5d1cf12ce2db}.Debug|Any CPU.ActiveCfg = Debug|Any CPU
		{6431d79b-0575-4060-a809-5d1cf12ce2db}.Debug|Any CPU.Build.0 = Debug|Any CPU
		{6431d79b-0575-4060-a809-5d1cf12ce2db}.Release|Any CPU.ActiveCfg = Release|Any CPU
		{6431d79b-0575-4060-a809-5d1cf12ce2db}.Release|Any CPU.Build.0 = Release|Any CPU
		{2713caa7-6fed-4547-bda3-d57744035e8f}.Debug|Any CPU.ActiveCfg = Debug|Any CPU
		{2713caa7-6fed-4547-bda3-d57744035e8f}.Debug|Any CPU.Build.0 = Debug|Any CPU
		{2713caa7-6fed-4547-bda3-d57744035e8f}.Release|Any CPU.ActiveCfg = Release|Any CPU
		{2713caa7-6fed-4547-bda3-d57744035e8f}.Release|Any CPU.Build.0 = Release|Any CPU
		{6762984f-ab21-4745-9cf3-ae1277d32045}.Debug|Any CPU.ActiveCfg = Debug|Any CPU
		{6762984f-ab21-4745-9cf3-ae1277d32045}.Debug|Any CPU.Build.0 = Debug|Any CPU
		{6762984f-ab21-4745-9cf3-ae1277d32045}.Release|Any CPU.ActiveCfg = Release|Any CPU
		{6762984f-ab21-4745-9cf3-ae1277d32045}.Release|Any CPU.Build.0 = Release|Any CPU
		{a5c70a59-c68f-41d1-bf3f-52c3d9cde675}.Debug|Any CPU.ActiveCfg = Debug|Any CPU
		{a5c70a59-c68f-41d1-bf3f-52c3d9cde675}.Debug|Any CPU.Build.0 = Debug|Any CPU
		{a5c70a59-c68f-41d1-bf3f-52c3d9cde675}.Release|Any CPU.ActiveCfg = Release|Any CPU
		{a5c70a59-c68f-41d1-bf3f-52c3d9cde675}.Release|Any CPU.Build.0 = Release|Any CPU
		{76d1c19e-214e-466e-9af1-e69b9d56d4a5}.Debug|Any CPU.ActiveCfg = Debug|Any CPU
		{76d1c19e-214e-466e-9af1-e69b9d56d4a5}.Debug|Any CPU.Build.0 = Debug|Any CPU
		{76d1c19e-214e-466e-9af1-e69b9d56d4a5}.Release|Any CPU.ActiveCfg = Release|Any CPU
		{76d1c19e-214e-466e-9af1-e69b9d56d4a5}.Release|Any CPU.Build.0 = Release|Any CPU
		{e545188e-3647-4ab5-90a4-28c2827783a3}.Debug|Any CPU.ActiveCfg = Debug|Any CPU
		{e545188e-3647-4ab5-90a4-28c2827783a3}.Debug|Any CPU.Build.0 = Debug|Any CPU
		{e545188e-3647-4ab5-90a4-28c2827783a3}.Release|Any CPU.ActiveCfg = Release|Any CPU
		{e545188e-3647-4ab5-90a4-28c2827783a3}.Release|Any CPU.Build.0 = Release|Any CPU
		{c22aa142-3224-4ad1-8487-fde799e9bae3}.Debug|Any CPU.ActiveCfg = Debug|Any CPU
		{c22aa142-3224-4ad1-8487-fde799e9bae3}.Debug|Any CPU.Build.0 = Debug|Any CPU
		{c22aa142-3224-4ad1-8487-fde799e9bae3}.Release|Any CPU.ActiveCfg = Release|Any CPU
		{c22aa142-3224-4ad1-8487-fde799e9bae3}.Release|Any CPU.Build.0 = Release|Any CPU
		{94ea23e2-bb7e-4993-ad9f-7fb746947b84}.Debug|Any CPU.ActiveCfg = Debug|Any CPU
		{94ea23e2-bb7e-4993-ad9f-7fb746947b84}.Debug|Any CPU.Build.0 = Debug|Any CPU
		{94ea23e2-bb7e-4993-ad9f-7fb746947b84}.Release|Any CPU.ActiveCfg = Release|Any CPU
		{94ea23e2-bb7e-4993-ad9f-7fb746947b84}.Release|Any CPU.Build.0 = Release|Any CPU
		{30344903-3dab-43f9-8ade-ecd7d6e47fa4}.Debug|Any CPU.ActiveCfg = Debug|Any CPU
		{30344903-3dab-43f9-8ade-ecd7d6e47fa4}.Debug|Any CPU.Build.0 = Debug|Any CPU
		{30344903-3dab-43f9-8ade-ecd7d6e47fa4}.Release|Any CPU.ActiveCfg = Release|Any CPU
		{30344903-3dab-43f9-8ade-ecd7d6e47fa4}.Release|Any CPU.Build.0 = Release|Any CPU
		{a9b4716e-aea3-42cd-b20e-57d65c0a0232}.Debug|Any CPU.ActiveCfg = Debug|Any CPU
		{a9b4716e-aea3-42cd-b20e-57d65c0a0232}.Debug|Any CPU.Build.0 = Debug|Any CPU
		{a9b4716e-aea3-42cd-b20e-57d65c0a0232}.Release|Any CPU.ActiveCfg = Release|Any CPU
		{a9b4716e-aea3-42cd-b20e-57d65c0a0232}.Release|Any CPU.Build.0 = Release|Any CPU
		{d8c5506b-f07a-4de0-aa18-dc0d63ed62b4}.Debug|Any CPU.ActiveCfg = Debug|Any CPU
		{d8c5506b-f07a-4de0-aa18-dc0d63ed62b4}.Debug|Any CPU.Build.0 = Debug|Any CPU
		{d8c5506b-f07a-4de0-aa18-dc0d63ed62b4}.Release|Any CPU.ActiveCfg = Release|Any CPU
		{d8c5506b-f07a-4de0-aa18-dc0d63ed62b4}.Release|Any CPU.Build.0 = Release|Any CPU
		{7e5551b0-55eb-4c03-a6fe-ede97d3f0bcc}.Debug|Any CPU.ActiveCfg = Debug|Any CPU
		{7e5551b0-55eb-4c03-a6fe-ede97d3f0bcc}.Debug|Any CPU.Build.0 = Debug|Any CPU
		{7e5551b0-55eb-4c03-a6fe-ede97d3f0bcc}.Release|Any CPU.ActiveCfg = Release|Any CPU
		{7e5551b0-55eb-4c03-a6fe-ede97d3f0bcc}.Release|Any CPU.Build.0 = Release|Any CPU
		{8663f64c-3aed-46b4-a164-66e0637d9e36}.Debug|Any CPU.ActiveCfg = Debug|Any CPU
		{8663f64c-3aed-46b4-a164-66e0637d9e36}.Debug|Any CPU.Build.0 = Debug|Any CPU
		{8663f64c-3aed-46b4-a164-66e0637d9e36}.Release|Any CPU.ActiveCfg = Release|Any CPU
		{8663f64c-3aed-46b4-a164-66e0637d9e36}.Release|Any CPU.Build.0 = Release|Any CPU
		{7c0e3a8b-0a15-470d-ac7d-8d081c064983}.Debug|Any CPU.ActiveCfg = Debug|Any CPU
		{7c0e3a8b-0a15-470d-ac7d-8d081c064983}.Debug|Any CPU.Build.0 = Debug|Any CPU
		{7c0e3a8b-0a15-470d-ac7d-8d081c064983}.Release|Any CPU.ActiveCfg = Release|Any CPU
		{7c0e3a8b-0a15-470d-ac7d-8d081c064983}.Release|Any CPU.Build.0 = Release|Any CPU
		{554AD327-6DBA-4F8F-96F8-81CE7A0C863F}.Debug|Any CPU.ActiveCfg = Debug|Any CPU
		{554AD327-6DBA-4F8F-96F8-81CE7A0C863F}.Debug|Any CPU.Build.0 = Debug|Any CPU
		{554AD327-6DBA-4F8F-96F8-81CE7A0C863F}.Release|Any CPU.ActiveCfg = Release|Any CPU
		{554AD327-6DBA-4F8F-96F8-81CE7A0C863F}.Release|Any CPU.Build.0 = Release|Any CPU
		{1A94A50E-06DC-43C1-80B5-B662820EC3EB}.Debug|Any CPU.ActiveCfg = Debug|Any CPU
		{1A94A50E-06DC-43C1-80B5-B662820EC3EB}.Debug|Any CPU.Build.0 = Debug|Any CPU
		{1A94A50E-06DC-43C1-80B5-B662820EC3EB}.Release|Any CPU.ActiveCfg = Release|Any CPU
		{1A94A50E-06DC-43C1-80B5-B662820EC3EB}.Release|Any CPU.Build.0 = Release|Any CPU
		{C956DD76-69C8-4A9C-83EA-D17DF83340FD}.Debug|Any CPU.ActiveCfg = Debug|Any CPU
		{C956DD76-69C8-4A9C-83EA-D17DF83340FD}.Debug|Any CPU.Build.0 = Debug|Any CPU
		{C956DD76-69C8-4A9C-83EA-D17DF83340FD}.Release|Any CPU.ActiveCfg = Release|Any CPU
		{C956DD76-69C8-4A9C-83EA-D17DF83340FD}.Release|Any CPU.Build.0 = Release|Any CPU
		{50B2631D-129C-47B3-A587-029CCD6099BC}.Debug|Any CPU.ActiveCfg = Debug|Any CPU
		{50B2631D-129C-47B3-A587-029CCD6099BC}.Debug|Any CPU.Build.0 = Debug|Any CPU
		{50B2631D-129C-47B3-A587-029CCD6099BC}.Release|Any CPU.ActiveCfg = Release|Any CPU
		{50B2631D-129C-47B3-A587-029CCD6099BC}.Release|Any CPU.Build.0 = Release|Any CPU
		{42F719ED-8413-4895-B5B4-5AB56079BC66}.Debug|Any CPU.ActiveCfg = Debug|Any CPU
		{42F719ED-8413-4895-B5B4-5AB56079BC66}.Debug|Any CPU.Build.0 = Debug|Any CPU
		{42F719ED-8413-4895-B5B4-5AB56079BC66}.Release|Any CPU.ActiveCfg = Release|Any CPU
		{42F719ED-8413-4895-B5B4-5AB56079BC66}.Release|Any CPU.Build.0 = Release|Any CPU
		{520659C8-C734-4298-A3DA-B539DB9DFC0B}.Debug|Any CPU.ActiveCfg = Debug|Any CPU
		{520659C8-C734-4298-A3DA-B539DB9DFC0B}.Debug|Any CPU.Build.0 = Debug|Any CPU
		{520659C8-C734-4298-A3DA-B539DB9DFC0B}.Release|Any CPU.ActiveCfg = Release|Any CPU
		{520659C8-C734-4298-A3DA-B539DB9DFC0B}.Release|Any CPU.Build.0 = Release|Any CPU
		{4164BDF7-F527-4E85-9CE6-E3C2D7426A27}.Debug|Any CPU.ActiveCfg = Debug|Any CPU
		{4164BDF7-F527-4E85-9CE6-E3C2D7426A27}.Debug|Any CPU.Build.0 = Debug|Any CPU
		{4164BDF7-F527-4E85-9CE6-E3C2D7426A27}.Release|Any CPU.ActiveCfg = Release|Any CPU
		{4164BDF7-F527-4E85-9CE6-E3C2D7426A27}.Release|Any CPU.Build.0 = Release|Any CPU
		{3B5A0094-670D-4BB1-BFDD-61B88A8773DC}.Debug|Any CPU.ActiveCfg = Debug|Any CPU
		{3B5A0094-670D-4BB1-BFDD-61B88A8773DC}.Debug|Any CPU.Build.0 = Debug|Any CPU
		{3B5A0094-670D-4BB1-BFDD-61B88A8773DC}.Release|Any CPU.ActiveCfg = Release|Any CPU
		{3B5A0094-670D-4BB1-BFDD-61B88A8773DC}.Release|Any CPU.Build.0 = Release|Any CPU
		{073C361E-B8F4-49F5-93CC-72A3FF49C026}.Debug|Any CPU.ActiveCfg = Debug|Any CPU
		{073C361E-B8F4-49F5-93CC-72A3FF49C026}.Debug|Any CPU.Build.0 = Debug|Any CPU
		{073C361E-B8F4-49F5-93CC-72A3FF49C026}.Release|Any CPU.ActiveCfg = Release|Any CPU
		{073C361E-B8F4-49F5-93CC-72A3FF49C026}.Release|Any CPU.Build.0 = Release|Any CPU
		{E6D5BF0E-DE92-4D82-A352-EF04B37CB11C}.Debug|Any CPU.ActiveCfg = Debug|Any CPU
		{E6D5BF0E-DE92-4D82-A352-EF04B37CB11C}.Debug|Any CPU.Build.0 = Debug|Any CPU
		{E6D5BF0E-DE92-4D82-A352-EF04B37CB11C}.Release|Any CPU.ActiveCfg = Release|Any CPU
		{E6D5BF0E-DE92-4D82-A352-EF04B37CB11C}.Release|Any CPU.Build.0 = Release|Any CPU
		{1FE30EB9-74A9-47F5-A9F6-7B1FAB672D81}.Debug|Any CPU.ActiveCfg = Debug|Any CPU
		{1FE30EB9-74A9-47F5-A9F6-7B1FAB672D81}.Debug|Any CPU.Build.0 = Debug|Any CPU
		{1FE30EB9-74A9-47F5-A9F6-7B1FAB672D81}.Release|Any CPU.ActiveCfg = Release|Any CPU
		{1FE30EB9-74A9-47F5-A9F6-7B1FAB672D81}.Release|Any CPU.Build.0 = Release|Any CPU
		{91853F21-9CD9-4132-BC29-A7D5D84FFFE7}.Debug|Any CPU.ActiveCfg = Debug|Any CPU
		{91853F21-9CD9-4132-BC29-A7D5D84FFFE7}.Debug|Any CPU.Build.0 = Debug|Any CPU
		{91853F21-9CD9-4132-BC29-A7D5D84FFFE7}.Release|Any CPU.ActiveCfg = Release|Any CPU
		{91853F21-9CD9-4132-BC29-A7D5D84FFFE7}.Release|Any CPU.Build.0 = Release|Any CPU
		{E512F4D9-9375-480F-A2F6-A46509F9D824}.Debug|Any CPU.ActiveCfg = Debug|Any CPU
		{E512F4D9-9375-480F-A2F6-A46509F9D824}.Debug|Any CPU.Build.0 = Debug|Any CPU
		{E512F4D9-9375-480F-A2F6-A46509F9D824}.Release|Any CPU.ActiveCfg = Release|Any CPU
		{E512F4D9-9375-480F-A2F6-A46509F9D824}.Release|Any CPU.Build.0 = Release|Any CPU
		{EF480016-9127-4916-8735-D2466BDBC582}.Debug|Any CPU.ActiveCfg = Debug|Any CPU
		{EF480016-9127-4916-8735-D2466BDBC582}.Debug|Any CPU.Build.0 = Debug|Any CPU
		{EF480016-9127-4916-8735-D2466BDBC582}.Release|Any CPU.ActiveCfg = Release|Any CPU
		{EF480016-9127-4916-8735-D2466BDBC582}.Release|Any CPU.Build.0 = Release|Any CPU
		{AA94D832-1CCC-4715-95A9-A483F23A1A5D}.Debug|Any CPU.ActiveCfg = Debug|Any CPU
		{AA94D832-1CCC-4715-95A9-A483F23A1A5D}.Debug|Any CPU.Build.0 = Debug|Any CPU
		{AA94D832-1CCC-4715-95A9-A483F23A1A5D}.Release|Any CPU.ActiveCfg = Release|Any CPU
		{AA94D832-1CCC-4715-95A9-A483F23A1A5D}.Release|Any CPU.Build.0 = Release|Any CPU
	EndGlobalSection
	GlobalSection(SolutionProperties) = preSolution
		HideSolutionNode = FALSE
	EndGlobalSection
	GlobalSection(NestedProjects) = preSolution
		{43c79a45-fffd-4292-845f-2b2482fb56b9} = {fcc1c61b-3ec9-4dcb-962a-4cb2108af529}
		{e37f4461-4868-4e59-b5c3-8d2df21c6f00} = {fcc1c61b-3ec9-4dcb-962a-4cb2108af529}
		{d643ad7b-b9e7-43e6-9631-14b1693b5210} = {fcc1c61b-3ec9-4dcb-962a-4cb2108af529}
		{7fdbe92e-7c45-4bd0-85b3-2814f6580ca4} = {fcc1c61b-3ec9-4dcb-962a-4cb2108af529}
		{f78330dd-4b4e-4396-9c61-bf8e4de95876} = {a76a1815-b8db-43ea-932a-f6b3c32010dd}
		{a063006a-dc46-4de1-bcdb-8581dcea7ee4} = {a76a1815-b8db-43ea-932a-f6b3c32010dd}
		{7c91ca7a-0aa8-4e90-8b8e-f011d06a2f91} = {a76a1815-b8db-43ea-932a-f6b3c32010dd}
		{3061f21c-0a00-4fa0-b91c-f57ad99076c1} = {a76a1815-b8db-43ea-932a-f6b3c32010dd}
		{b89b0e08-9463-469c-8e0a-1d8dbd4e8d0a} = {a76a1815-b8db-43ea-932a-f6b3c32010dd}
		{cfacaa06-eed9-47f7-81ab-4ded2d090eed} = {a76a1815-b8db-43ea-932a-f6b3c32010dd}
		{cd4a132a-ee0a-49ab-8365-d7f68d33ccfe} = {a76a1815-b8db-43ea-932a-f6b3c32010dd}
		{412e64db-b714-4c14-8fdb-fa79b551c79f} = {a76a1815-b8db-43ea-932a-f6b3c32010dd}
		{fcc1c61b-3ec9-4dcb-962a-4cb2108af529} = {04DBDB01-70F4-4E06-B468-8F87850B22BE}
		{a76a1815-b8db-43ea-932a-f6b3c32010dd} = {5223af50-2dc1-4042-a7bf-6780239cc9cd}
		{e62e2261-7db4-43a2-888b-69f27e3fab6e} = {5f0f9e23-8b77-45cc-8758-65a8c7c26ede}
		{e55d65fc-455e-4dbe-a5d0-f59a1e790841} = {5f0f9e23-8b77-45cc-8758-65a8c7c26ede}
		{16444583-e1f7-41eb-bb97-8d5ea90a8888} = {5f0f9e23-8b77-45cc-8758-65a8c7c26ede}
		{eb863bac-9f77-44dd-b899-64b18e6702a7} = {5f0f9e23-8b77-45cc-8758-65a8c7c26ede}
		{80eaaf1f-60f5-4549-9261-71c2820c549e} = {fe8214f9-277e-495c-a692-2c45ee8959ef}
		{dedac44c-bf55-4a71-b273-fba3d875a580} = {fe8214f9-277e-495c-a692-2c45ee8959ef}
		{25db70df-51a2-48e2-b2b2-78f8f3d67c24} = {fe8214f9-277e-495c-a692-2c45ee8959ef}
		{a0ae7843-117a-4e06-876e-3ef7ebdf2cd6} = {fe8214f9-277e-495c-a692-2c45ee8959ef}
		{962c7fee-16e7-4e76-b1a0-1fbe4120327c} = {fe8214f9-277e-495c-a692-2c45ee8959ef}
		{39225898-e11c-4854-9434-3e00e017d305} = {fe8214f9-277e-495c-a692-2c45ee8959ef}
		{a4bc67f7-4457-48cd-a27f-33a43172eeb0} = {fe8214f9-277e-495c-a692-2c45ee8959ef}
		{b1f722ca-4b5a-4095-ac37-c6b69118f701} = {fe8214f9-277e-495c-a692-2c45ee8959ef}
		{5f0f9e23-8b77-45cc-8758-65a8c7c26ede} = {04DBDB01-70F4-4E06-B468-8F87850B22BE}
		{fe8214f9-277e-495c-a692-2c45ee8959ef} = {5223af50-2dc1-4042-a7bf-6780239cc9cd}
		{572c2db3-a5f5-45d7-8ccf-72dec5ad8c4d} = {fe54bd3d-0d2c-4776-98e8-8e8a4243bf45}
		{a27082a1-4276-4ba6-8f57-c94daa1030bd} = {fe54bd3d-0d2c-4776-98e8-8e8a4243bf45}
		{47570cff-526d-4f7e-b25d-6c46f4909ba9} = {fe54bd3d-0d2c-4776-98e8-8e8a4243bf45}
		{e87fed37-63cc-43f9-91fe-5e03dded4c93} = {fe54bd3d-0d2c-4776-98e8-8e8a4243bf45}
		{355bbd18-ad8a-4826-8f93-7ad238c69320} = {6cc66d69-2024-4b18-ab66-c97f4853e2c1}
		{2116e606-ad4b-4a74-9d35-9e9aa77d7beb} = {6cc66d69-2024-4b18-ab66-c97f4853e2c1}
		{8a007159-7bf2-4353-9fbc-e4be238efeee} = {6cc66d69-2024-4b18-ab66-c97f4853e2c1}
		{b9ddd839-25bf-4b97-8dcc-c33195f71e03} = {6cc66d69-2024-4b18-ab66-c97f4853e2c1}
		{465430fe-319b-450f-91b9-7156dc032554} = {6cc66d69-2024-4b18-ab66-c97f4853e2c1}
		{0b0dec2f-8cc0-429d-806d-13bf5817efe6} = {6cc66d69-2024-4b18-ab66-c97f4853e2c1}
		{fe54bd3d-0d2c-4776-98e8-8e8a4243bf45} = {04DBDB01-70F4-4E06-B468-8F87850B22BE}
		{6cc66d69-2024-4b18-ab66-c97f4853e2c1} = {5223af50-2dc1-4042-a7bf-6780239cc9cd}
		{13086c34-39be-4f57-97f3-fe0cbf4dad5d} = {27404ad2-020b-44b4-b15d-83836ae17f5f}
		{b2ac54c0-aa16-4db6-b144-e390330b701e} = {465f470e-350b-4a6c-86cc-047e9e3b7b6f}
		{fdee449f-a04b-4e38-a409-7984dcb35550} = {465f470e-350b-4a6c-86cc-047e9e3b7b6f}
		{9d78f8aa-ab08-403e-bb87-d1244de4674c} = {465f470e-350b-4a6c-86cc-047e9e3b7b6f}
		{e689a9a1-8c4c-4be7-b1bf-bbd301364a38} = {465f470e-350b-4a6c-86cc-047e9e3b7b6f}
		{9c7534b9-8eb4-4d3c-b31c-62bc69770e82} = {465f470e-350b-4a6c-86cc-047e9e3b7b6f}
		{20d5b70d-cd78-4b43-a48f-13f15ea7e0b9} = {465f470e-350b-4a6c-86cc-047e9e3b7b6f}
		{f7c93254-4dba-47c9-9d54-5b8093eca29d} = {465f470e-350b-4a6c-86cc-047e9e3b7b6f}
		{d0113052-772b-421a-900a-34541f8e048b} = {465f470e-350b-4a6c-86cc-047e9e3b7b6f}
		{904b2502-54fd-47f6-9735-ab2f16cfead5} = {465f470e-350b-4a6c-86cc-047e9e3b7b6f}
		{27404ad2-020b-44b4-b15d-83836ae17f5f} = {04DBDB01-70F4-4E06-B468-8F87850B22BE}
		{465f470e-350b-4a6c-86cc-047e9e3b7b6f} = {5223af50-2dc1-4042-a7bf-6780239cc9cd}
		{b5529869-3604-4e5f-8e6a-06452590cc3b} = {2b52c1ac-348b-4a5c-821b-6154fde56458}
		{ec3c17fe-02ba-403b-a342-cbae5c4d61f1} = {2b52c1ac-348b-4a5c-821b-6154fde56458}
		{35d1e788-a7e3-4493-9aac-0a1799ced74b} = {2b52c1ac-348b-4a5c-821b-6154fde56458}
		{14b34480-90bc-428e-a841-e7c90fc38761} = {2b52c1ac-348b-4a5c-821b-6154fde56458}
		{743a0b07-a078-4ebe-bbbf-771cbc58d19b} = {2b52c1ac-348b-4a5c-821b-6154fde56458}
		{c8f85dde-c746-4a77-98d6-15003644d5db} = {a9f7d2ce-bb7e-42f9-a1d9-7806671c03ce}
		{5cddce0c-f108-4ea3-b1ec-bb6bcdc348b5} = {a9f7d2ce-bb7e-42f9-a1d9-7806671c03ce}
		{a14cc4d5-b6d3-43f0-b217-cf30c49df67e} = {a9f7d2ce-bb7e-42f9-a1d9-7806671c03ce}
		{a83256b6-5e04-43e3-8fb8-efae39ad1853} = {a9f7d2ce-bb7e-42f9-a1d9-7806671c03ce}
		{e05dfb46-a512-44f4-a055-4107db869932} = {a9f7d2ce-bb7e-42f9-a1d9-7806671c03ce}
		{61da7c45-1f0a-457c-8b0f-992d81edd8b5} = {a9f7d2ce-bb7e-42f9-a1d9-7806671c03ce}
		{6431d79b-0575-4060-a809-5d1cf12ce2db} = {a9f7d2ce-bb7e-42f9-a1d9-7806671c03ce}
		{2713caa7-6fed-4547-bda3-d57744035e8f} = {a9f7d2ce-bb7e-42f9-a1d9-7806671c03ce}
		{6762984f-ab21-4745-9cf3-ae1277d32045} = {a9f7d2ce-bb7e-42f9-a1d9-7806671c03ce}
		{a5c70a59-c68f-41d1-bf3f-52c3d9cde675} = {a9f7d2ce-bb7e-42f9-a1d9-7806671c03ce}
		{76d1c19e-214e-466e-9af1-e69b9d56d4a5} = {a9f7d2ce-bb7e-42f9-a1d9-7806671c03ce}
		{2b52c1ac-348b-4a5c-821b-6154fde56458} = {04DBDB01-70F4-4E06-B468-8F87850B22BE}
		{a9f7d2ce-bb7e-42f9-a1d9-7806671c03ce} = {5223af50-2dc1-4042-a7bf-6780239cc9cd}
		{e545188e-3647-4ab5-90a4-28c2827783a3} = {fad8ecb6-f446-4e78-9a44-2cbe4c693f57}
		{c22aa142-3224-4ad1-8487-fde799e9bae3} = {fad8ecb6-f446-4e78-9a44-2cbe4c693f57}
		{94ea23e2-bb7e-4993-ad9f-7fb746947b84} = {fad8ecb6-f446-4e78-9a44-2cbe4c693f57}
		{30344903-3dab-43f9-8ade-ecd7d6e47fa4} = {ecaf4ff1-5506-4c81-ab35-b7777dbcb0b2}
		{a9b4716e-aea3-42cd-b20e-57d65c0a0232} = {ecaf4ff1-5506-4c81-ab35-b7777dbcb0b2}
		{d8c5506b-f07a-4de0-aa18-dc0d63ed62b4} = {ecaf4ff1-5506-4c81-ab35-b7777dbcb0b2}
		{7e5551b0-55eb-4c03-a6fe-ede97d3f0bcc} = {ecaf4ff1-5506-4c81-ab35-b7777dbcb0b2}
		{8663f64c-3aed-46b4-a164-66e0637d9e36} = {ecaf4ff1-5506-4c81-ab35-b7777dbcb0b2}
		{7c0e3a8b-0a15-470d-ac7d-8d081c064983} = {ecaf4ff1-5506-4c81-ab35-b7777dbcb0b2}
		{fad8ecb6-f446-4e78-9a44-2cbe4c693f57} = {04DBDB01-70F4-4E06-B468-8F87850B22BE}
		{ecaf4ff1-5506-4c81-ab35-b7777dbcb0b2} = {5223af50-2dc1-4042-a7bf-6780239cc9cd}
		{554AD327-6DBA-4F8F-96F8-81CE7A0C863F} = {CA9AC87F-097E-4F15-8393-4BC07735A5B0}
		{1A94A50E-06DC-43C1-80B5-B662820EC3EB} = {CA9AC87F-097E-4F15-8393-4BC07735A5B0}
		{C956DD76-69C8-4A9C-83EA-D17DF83340FD} = {CA9AC87F-097E-4F15-8393-4BC07735A5B0}
		{50B2631D-129C-47B3-A587-029CCD6099BC} = {04DBDB01-70F4-4E06-B468-8F87850B22BE}
		{42F719ED-8413-4895-B5B4-5AB56079BC66} = {CA9AC87F-097E-4F15-8393-4BC07735A5B0}
		{520659C8-C734-4298-A3DA-B539DB9DFC0B} = {CA9AC87F-097E-4F15-8393-4BC07735A5B0}
		{4164BDF7-F527-4E85-9CE6-E3C2D7426A27} = {CA9AC87F-097E-4F15-8393-4BC07735A5B0}
		{3B5A0094-670D-4BB1-BFDD-61B88A8773DC} = {CA9AC87F-097E-4F15-8393-4BC07735A5B0}
		{073C361E-B8F4-49F5-93CC-72A3FF49C026} = {CA9AC87F-097E-4F15-8393-4BC07735A5B0}
		{E6D5BF0E-DE92-4D82-A352-EF04B37CB11C} = {CA9AC87F-097E-4F15-8393-4BC07735A5B0}
		{1FE30EB9-74A9-47F5-A9F6-7B1FAB672D81} = {04DBDB01-70F4-4E06-B468-8F87850B22BE}
		{91853F21-9CD9-4132-BC29-A7D5D84FFFE7} = {04DBDB01-70F4-4E06-B468-8F87850B22BE}
		{E512F4D9-9375-480F-A2F6-A46509F9D824} = {04DBDB01-70F4-4E06-B468-8F87850B22BE}
		{EF480016-9127-4916-8735-D2466BDBC582} = {04DBDB01-70F4-4E06-B468-8F87850B22BE}
		{AA94D832-1CCC-4715-95A9-A483F23A1A5D} = {CA9AC87F-097E-4F15-8393-4BC07735A5B0}
	EndGlobalSection
	GlobalSection(ExtensibilityGlobals) = postSolution
		SolutionGuid = {28315BFD-90E7-4E14-A2EA-F3D23AF4126F}
	EndGlobalSection
EndGlobal
